{
  "name": "maestro",
  "lockfileVersion": 3,
  "requires": true,
  "packages": {
    "": {
      "devDependencies": {
        "fallow": "^2.65.0"
      }
    },
    "node_modules/@fallow-cli/darwin-arm64": {
      "version": "2.65.0",
      "resolved": "https://registry.npmjs.org/@fallow-cli/darwin-arm64/-/darwin-arm64-2.65.0.tgz",
      "integrity": "sha512-dS7ZtFLfh9YSY816wlgzMSlM+ZbGI2K6cnnDUw88CQfM4R1SRpi+lRmB1/929C2899W7e4PuT/upEvCAkHSACw==",
      "cpu": [
        "arm64"
      ],
      "dev": true,
      "license": "MIT",
      "optional": true,
      "os": [
        "darwin"
      ]
    },
    "node_modules/@fallow-cli/darwin-x64": {
      "version": "2.65.0",
      "resolved": "https://registry.npmjs.org/@fallow-cli/darwin-x64/-/darwin-x64-2.65.0.tgz",
      "integrity": "sha512-TRZgXAtHWa2q7JMsjmAEEVwsT+sJCSPkFNi6vJAOwKA7Q7p3QM/ytiYRdeXnp+ZjGM31A4+Iq9kNykjES+hwUA==",
      "cpu": [
        "x64"
      ],
      "dev": true,
      "license": "MIT",
      "optional": true,
      "os": [
        "darwin"
      ]
    },
    "node_modules/@fallow-cli/linux-arm64-gnu": {
      "version": "2.65.0",
      "resolved": "https://registry.npmjs.org/@fallow-cli/linux-arm64-gnu/-/linux-arm64-gnu-2.65.0.tgz",
      "integrity": "sha512-VTzQ+VnRpKEBTB2B5DKF/T8xbeLFrh3WLmUNKmfVmEun6Cq3wGtxmVZzSU23I9wvTkb/yqWoI7s+XNOdpw+ISQ==",
      "cpu": [
        "arm64"
      ],
      "dev": true,
      "license": "MIT",
      "optional": true,
      "os": [
        "linux"
      ]
    },
    "node_modules/@fallow-cli/linux-arm64-musl": {
      "version": "2.65.0",
      "resolved": "https://registry.npmjs.org/@fallow-cli/linux-arm64-musl/-/linux-arm64-musl-2.65.0.tgz",
      "integrity": "sha512-SlJoT/5wPVs8qshk8xaquRRO7CIUPYQB+NUMFnvl3z3pN3lUtbcapDmwzqGpnPGwbTIY4gkRONwvVMIsVMqAGQ==",
      "cpu": [
        "arm64"
      ],
      "dev": true,
      "license": "MIT",
      "optional": true,
      "os": [
        "linux"
      ]
    },
    "node_modules/@fallow-cli/linux-x64-gnu": {
      "version": "2.65.0",
      "resolved": "https://registry.npmjs.org/@fallow-cli/linux-x64-gnu/-/linux-x64-gnu-2.65.0.tgz",
      "integrity": "sha512-Ma3bWyCmqm2OV/BHH1y19vWZDaIS7bxz+KMuqA3F4D0QRckBAri4MNrvs7fQIps67CsIBbKkVsUygc7PzJ2zxw==",
      "cpu": [
        "x64"
      ],
      "dev": true,
      "license": "MIT",
      "optional": true,
      "os": [
        "linux"
      ]
    },
    "node_modules/@fallow-cli/linux-x64-musl": {
      "version": "2.65.0",
      "resolved": "https://registry.npmjs.org/@fallow-cli/linux-x64-musl/-/linux-x64-musl-2.65.0.tgz",
      "integrity": "sha512-XH4oCygmOMPDx/q7QH3X+9X2UZdZFf+CWsO+p2KGXuk8wG28/HXrWNj59A8FiVr9RMeUicwPUkfbNdkyX4+Nvg==",
      "cpu": [
        "x64"
      ],
      "dev": true,
      "license": "MIT",
      "optional": true,
      "os": [
        "linux"
      ]
    },
    "node_modules/@fallow-cli/win32-arm64-msvc": {
      "version": "2.65.0",
      "resolved": "https://registry.npmjs.org/@fallow-cli/win32-arm64-msvc/-/win32-arm64-msvc-2.65.0.tgz",
      "integrity": "sha512-RIrNyRdGGPqgNvDPJ1xq0ktn8Ep5EUVHrzpFsRWe74h4e4KewLzCWXi4cKVzrXui24In47pEXB6h7xXhbgY4FQ==",
      "cpu": [
        "arm64"
      ],
      "dev": true,
      "license": "MIT",
      "optional": true,
      "os": [
        "win32"
      ]
    },
    "node_modules/@fallow-cli/win32-x64-msvc": {
      "version": "2.65.0",
      "resolved": "https://registry.npmjs.org/@fallow-cli/win32-x64-msvc/-/win32-x64-msvc-2.65.0.tgz",
      "integrity": "sha512-pCb+/xluBi3yLhTgFS5AWgMciUFYRbOZtIIApmH0EYxl0sJuTsq076KFMKXM8XhNj24BEfb5xoA9p1AeAAB7YA==",
      "cpu": [
        "x64"
      ],
      "dev": true,
      "license": "MIT",
      "optional": true,
      "os": [
        "win32"
      ]
    },
    "node_modules/detect-libc": {
      "version": "2.1.2",
      "resolved": "https://registry.npmjs.org/detect-libc/-/detect-libc-2.1.2.tgz",
      "integrity": "sha512-Btj2BOOO83o3WyH59e8MgXsxEQVcarkUOpEYrubB0urwnN10yQ364rsiByU11nZlqWYZm05i/of7io4mzihBtQ==",
      "dev": true,
      "license": "Apache-2.0",
      "engines": {
        "node": ">=8"
      }
    },
    "node_modules/fallow": {
      "version": "2.65.0",
      "resolved": "https://registry.npmjs.org/fallow/-/fallow-2.65.0.tgz",
      "integrity": "sha512-bobD23qViXEC14+aKH8ssX05NY59eRSa6cn8HX5TpCT/S7wNNvGhzooR+DDsmhTqVAxPtQL2m0kd3g+xhKRsmg==",
      "dev": true,
      "hasInstallScript": true,
      "license": "MIT",
      "dependencies": {
        "detect-libc": "2.1.2"
      },
      "bin": {
        "fallow": "bin/fallow",
        "fallow-lsp": "bin/fallow-lsp",
        "fallow-mcp": "bin/fallow-mcp"
      },
      "engines": {
        "node": ">=16"
      },
      "optionalDependencies": {
        "@fallow-cli/darwin-arm64": "2.65.0",
        "@fallow-cli/darwin-x64": "2.65.0",
        "@fallow-cli/linux-arm64-gnu": "2.65.0",
        "@fallow-cli/linux-arm64-musl": "2.65.0",
        "@fallow-cli/linux-x64-gnu": "2.65.0",
        "@fallow-cli/linux-x64-musl": "2.65.0",
        "@fallow-cli/win32-arm64-msvc": "2.65.0",
        "@fallow-cli/win32-x64-msvc": "2.65.0"
      }
    }
  }
}
